
Microsoft Visual Studio Solution File, Format Version 12.00
# Visual Studio 15
VisualStudioVersion = 15.0.26228.9
MinimumVisualStudioVersion = 10.0.40219.1
Project("{FAE04EC0-301F-11D3-BF4B-00C04F79EFBC}") = "FlaskWPF", "Flask\FlaskWPF.csproj", "{8DD6642D-CC41-4CD8-8900-C2CCA69771D9}"
EndProject
Project("{FAE04EC0-301F-11D3-BF4B-00C04F79EFBC}") = "FlaskForm", "FlaskForm\FlaskForm.csproj", "{AAE3626C-4703-4968-B6DD-91D3B5283D18}"
EndProject
Project("{FAE04EC0-301F-11D3-BF4B-00C04F79EFBC}") = "FlaskLib", "FlaskLib\FlaskLib.csproj", "{DFC1438E-85BB-4075-A03B-C60657F2DA51}"
EndProject
Global
	GlobalSection(SolutionConfigurationPlatforms) = preSolution
		Debug|Any CPU = Debug|Any CPU
		Release|Any CPU = Release|Any CPU
	EndGlobalSection
	GlobalSection(ProjectConfigurationPlatforms) = postSolution
		{8DD6642D-CC41-4CD8-8900-C2CCA69771D9}.Debug|Any CPU.ActiveCfg = Debug|Any CPU
		{8DD6642D-CC41-4CD8-8900-C2CCA69771D9}.Debug|Any CPU.Build.0 = Debug|Any CPU
		{8DD6642D-CC41-4CD8-8900-C2CCA69771D9}.Release|Any CPU.ActiveCfg = Release|Any CPU
		{8DD6642D-CC41-4CD8-8900-C2CCA69771D9}.Release|Any CPU.Build.0 = Release|Any CPU
		{AAE3626C-4703-4968-B6DD-91D3B5283D18}.Debug|Any CPU.ActiveCfg = Debug|Any CPU
		{AAE3626C-4703-4968-B6DD-91D3B5283D18}.Debug|Any CPU.Build.0 = Debug|Any CPU
		{AAE3626C-4703-4968-B6DD-91D3B5283D18}.Release|Any CPU.ActiveCfg = Release|Any CPU
		{AAE3626C-4703-4968-B6DD-91D3B5283D18}.Release|Any CPU.Build.0 = Release|Any CPU
		{DFC1438E-85BB-4075-A03B-C60657F2DA51}.Debug|Any CPU.ActiveCfg = Debug|Any CPU
		{DFC1438E-85BB-4075-A03B-C60657F2DA51}.Debug|Any CPU.Build.0 = Debug|Any CPU
		{DFC1438E-85BB-4075-A03B-C60657F2DA51}.Release|Any CPU.ActiveCfg = Release|Any CPU
		{DFC1438E-85BB-4075-A03B-C60657F2DA51}.Release|Any CPU.Build.0 = Release|Any CPU
	EndGlobalSection
	GlobalSection(SolutionProperties) = preSolution
		HideSolutionNode = FALSE
	EndGlobalSection
EndGlobal
